
Microsoft Visual Studio Solution File, Format Version 12.00
# Visual Studio Version 17
VisualStudioVersion = 17.1.32328.378
MinimumVisualStudioVersion = 10.0.40219.1
Project("{8BC9CEB8-8B4A-11D0-8D11-00A0C91BC942}") = "Oh, lucky guy!", "Oh, lucky guy!\Oh, lucky guy!.vcxproj", "{6CF2488C-3B31-47C4-AB90-E03E150D90E3}"
EndProject
Global
	GlobalSection(SolutionConfigurationPlatforms) = preSolution
		Debug|x64 = Debug|x64
		Debug|x86 = Debug|x86
		Release|x64 = Release|x64
		Release|x86 = Release|x86
	EndGlobalSection
	GlobalSection(ProjectConfigurationPlatforms) = postSolution
		{6CF2488C-3B31-47C4-AB90-E03E150D90E3}.Debug|x64.ActiveCfg = Debug|x64
		{6CF2488C-3B31-47C4-AB90-E03E150D90E3}.Debug|x64.Build.0 = Debug|x64
		{6CF2488C-3B31-47C4-AB90-E03E150D90E3}.Debug|x86.ActiveCfg = Debug|Win32
		{6CF2488C-3B31-47C4-AB90-E03E150D90E3}.Debug|x86.Build.0 = Debug|Win32
		{6CF2488C-3B31-47C4-AB90-E03E150D90E3}.Release|x64.ActiveCfg = Release|x64
		{6CF2488C-3B31-47C4-AB90-E03E150D90E3}.Release|x64.Build.0 = Release|x64
		{6CF2488C-3B31-47C4-AB90-E03E150D90E3}.Release|x86.ActiveCfg = Release|Win32
		{6CF2488C-3B31-47C4-AB90-E03E150D90E3}.Release|x86.Build.0 = Release|Win32
	EndGlobalSection
	GlobalSection(SolutionProperties) = preSolution
		HideSolutionNode = FALSE
	EndGlobalSection
	GlobalSection(ExtensibilityGlobals) = postSolution
		SolutionGuid = {04BCF597-5930-411D-8BD8-9F5692A597D4}
	EndGlobalSection
EndGlobal
